// !$*UTF8*$!
{
	archiveVersion = 1;
	classes = {
	};
	objectVersion = 46;
	objects = {

/* Begin PBXBuildFile section */
		8365DEE01DABFA8B008C1836 /* AppDelegate.swift in Sources */ = {isa = PBXBuildFile; fileRef = 8365DEDF1DABFA8B008C1836 /* AppDelegate.swift */; };
		8365DEE21DABFA8B008C1836 /* ViewController.swift in Sources */ = {isa = PBXBuildFile; fileRef = 8365DEE11DABFA8B008C1836 /* ViewController.swift */; };
		8365DEE51DABFA8B008C1836 /* Main.storyboard in Resources */ = {isa = PBXBuildFile; fileRef = 8365DEE31DABFA8B008C1836 /* Main.storyboard */; };
		8365DEE71DABFA8B008C1836 /* Assets.xcassets in Resources */ = {isa = PBXBuildFile; fileRef = 8365DEE61DABFA8B008C1836 /* Assets.xcassets */; };
		8365DEEA1DABFA8B008C1836 /* LaunchScreen.storyboard in Resources */ = {isa = PBXBuildFile; fileRef = 8365DEE81DABFA8B008C1836 /* LaunchScreen.storyboard */; };
		8365DEF51DABFA8B008C1836 /* Swift_AppTests.swift in Sources */ = {isa = PBXBuildFile; fileRef = 8365DEF41DABFA8B008C1836 /* Swift_AppTests.swift */; };
		8365DF001DABFA8B008C1836 /* Swift_AppUITests.swift in Sources */ = {isa = PBXBuildFile; fileRef = 8365DEFF1DABFA8B008C1836 /* Swift_AppUITests.swift */; };
/* End PBXBuildFile section */

/* Begin PBXContainerItemProxy section */
		8365DEF11DABFA8B008C1836 /* PBXContainerItemProxy */ = {
			isa = PBXContainerItemProxy;
			containerPortal = 8365DED41DABFA8B008C1836 /* Project object */;
			proxyType = 1;
			remoteGlobalIDString = 8365DEDB1DABFA8B008C1836;
			remoteInfo = "Swift App";
		};
		8365DEFC1DABFA8B008C1836 /* PBXContainerItemProxy */ = {
			isa = PBXContainerItemProxy;
			containerPortal = 8365DED41DABFA8B008C1836 /* Project object */;
			proxyType = 1;
			remoteGlobalIDString = 8365DEDB1DABFA8B008C1836;
			remoteInfo = "Swift App";
		};
/* End PBXContainerItemProxy section */

/* Begin PBXFileReference section */
		8365DEDC1DABFA8B008C1836 /* Swift App.app */ = {isa = PBXFileReference; explicitFileType = wrapper.application; includeInIndex = 0; path = "Swift App.app"; sourceTree = BUILT_PRODUCTS_DIR; };
		8365DEDF1DABFA8B008C1836 /* AppDelegate.swift */ = {isa = PBXFileReference; lastKnownFileType = sourcecode.swift; path = AppDelegate.swift; sourceTree = "<group>"; };
		8365DEE11DABFA8B008C1836 /* ViewController.swift */ = {isa = PBXFileReference; lastKnownFileType = sourcecode.swift; path = ViewController.swift; sourceTree = "<group>"; };
		8365DEE41DABFA8B008C1836 /* Base */ = {isa = PBXFileReference; lastKnownFileType = file.storyboard; name = Base; path = Base.lproj/Main.storyboard; sourceTree = "<group>"; };
		8365DEE61DABFA8B008C1836 /* Assets.xcassets */ = {isa = PBXFileReference; lastKnownFileType = folder.assetcatalog; path = Assets.xcassets; sourceTree = "<group>"; };
		8365DEE91DABFA8B008C1836 /* Base */ = {isa = PBXFileReference; lastKnownFileType = file.storyboard; name = Base; path = Base.lproj/LaunchScreen.storyboard; sourceTree = "<group>"; };
		8365DEEB1DABFA8B008C1836 /* Info.plist */ = {isa = PBXFileReference; lastKnownFileType = text.plist.xml; path = Info.plist; sourceTree = "<group>"; };
		8365DEF01DABFA8B008C1836 /* Swift AppTests.xctest */ = {isa = PBXFileReference; explicitFileType = wrapper.cfbundle; includeInIndex = 0; path = "Swift AppTests.xctest"; sourceTree = BUILT_PRODUCTS_DIR; };
		8365DEF41DABFA8B008C1836 /* Swift_AppTests.swift */ = {isa = PBXFileReference; lastKnownFileType = sourcecode.swift; path = Swift_AppTests.swift; sourceTree = "<group>"; };
		8365DEF61DABFA8B008C1836 /* Info.plist */ = {isa = PBXFileReference; lastKnownFileType = text.plist.xml; path = Info.plist; sourceTree = "<group>"; };
		8365DEFB1DABFA8B008C1836 /* Swift AppUITests.xctest */ = {isa = PBXFileReference; explicitFileType = wrapper.cfbundle; includeInIndex = 0; path = "Swift AppUITests.xctest"; sourceTree = BUILT_PRODUCTS_DIR; };
		8365DEFF1DABFA8B008C1836 /* Swift_AppUITests.swift */ = {isa = PBXFileReference; lastKnownFileType = sourcecode.swift; path = Swift_AppUITests.swift; sourceTree = "<group>"; };
		8365DF011DABFA8B008C1836 /* Info.plist */ = {isa = PBXFileReference; lastKnownFileType = text.plist.xml; path = Info.plist; sourceTree = "<group>"; };
/* End PBXFileReference section */

/* Begin PBXFrameworksBuildPhase section */
		8365DED91DABFA8B008C1836 /* Frameworks */ = {
			isa = PBXFrameworksBuildPhase;
			buildActionMask = 2147483647;
			files = (
			);
			runOnlyForDeploymentPostprocessing = 0;
		};
		8365DEED1DABFA8B008C1836 /* Frameworks */ = {
			isa = PBXFrameworksBuildPhase;
			buildActionMask = 2147483647;
			files = (
			);
			runOnlyForDeploymentPostprocessing = 0;
		};
		8365DEF81DABFA8B008C1836 /* Frameworks */ = {
			isa = PBXFrameworksBuildPhase;
			buildActionMask = 2147483647;
			files = (
			);
			runOnlyForDeploymentPostprocessing = 0;
		};
/* End PBXFrameworksBuildPhase section */

/* Begin PBXGroup section */
		8365DED31DABFA8B008C1836 = {
			isa = PBXGroup;
			children = (
				8365DEDE1DABFA8B008C1836 /* Swift App */,
				8365DEF31DABFA8B008C1836 /* Swift AppTests */,
				8365DEFE1DABFA8B008C1836 /* Swift AppUITests */,
				8365DEDD1DABFA8B008C1836 /* Products */,
			);
			sourceTree = "<group>";
		};
		8365DEDD1DABFA8B008C1836 /* Products */ = {
			isa = PBXGroup;
			children = (
				8365DEDC1DABFA8B008C1836 /* Swift App.app */,
				8365DEF01DABFA8B008C1836 /* Swift AppTests.xctest */,
				8365DEFB1DABFA8B008C1836 /* Swift AppUITests.xctest */,
			);
			name = Products;
			sourceTree = "<group>";
		};
		8365DEDE1DABFA8B008C1836 /* Swift App */ = {
			isa = PBXGroup;
			children = (
				8365DEDF1DABFA8B008C1836 /* AppDelegate.swift */,
				8365DEE11DABFA8B008C1836 /* ViewController.swift */,
				8365DEE31DABFA8B008C1836 /* Main.storyboard */,
				8365DEE61DABFA8B008C1836 /* Assets.xcassets */,
				8365DEE81DABFA8B008C1836 /* LaunchScreen.storyboard */,
				8365DEEB1DABFA8B008C1836 /* Info.plist */,
			);
			path = "Swift App";
			sourceTree = "<group>";
		};
		8365DEF31DABFA8B008C1836 /* Swift AppTests */ = {
			isa = PBXGroup;
			children = (
				8365DEF41DABFA8B008C1836 /* Swift_AppTests.swift */,
				8365DEF61DABFA8B008C1836 /* Info.plist */,
			);
			path = "Swift AppTests";
			sourceTree = "<group>";
		};
		8365DEFE1DABFA8B008C1836 /* Swift AppUITests */ = {
			isa = PBXGroup;
			children = (
				8365DEFF1DABFA8B008C1836 /* Swift_AppUITests.swift */,
				8365DF011DABFA8B008C1836 /* Info.plist */,
			);
			path = "Swift AppUITests";
			sourceTree = "<group>";
		};
/* End PBXGroup section */

/* Begin PBXNativeTarget section */
		8365DEDB1DABFA8B008C1836 /* Swift App */ = {
			isa = PBXNativeTarget;
			buildConfigurationList = 8365DF041DABFA8B008C1836 /* Build configuration list for PBXNativeTarget "Swift App" */;
			buildPhases = (
				8365DED81DABFA8B008C1836 /* Sources */,
				8365DED91DABFA8B008C1836 /* Frameworks */,
				8365DEDA1DABFA8B008C1836 /* Resources */,
			);
			buildRules = (
			);
			dependencies = (
			);
			name = "Swift App";
			productName = "Swift App";
			productReference = 8365DEDC1DABFA8B008C1836 /* Swift App.app */;
			productType = "com.apple.product-type.application";
		};
		8365DEEF1DABFA8B008C1836 /* Swift AppTests */ = {
			isa = PBXNativeTarget;
			buildConfigurationList = 8365DF071DABFA8B008C1836 /* Build configuration list for PBXNativeTarget "Swift AppTests" */;
			buildPhases = (
				8365DEEC1DABFA8B008C1836 /* Sources */,
				8365DEED1DABFA8B008C1836 /* Frameworks */,
				8365DEEE1DABFA8B008C1836 /* Resources */,
			);
			buildRules = (
			);
			dependencies = (
				8365DEF21DABFA8B008C1836 /* PBXTargetDependency */,
			);
			name = "Swift AppTests";
			productName = "Swift AppTests";
			productReference = 8365DEF01DABFA8B008C1836 /* Swift AppTests.xctest */;
			productType = "com.apple.product-type.bundle.unit-test";
		};
		8365DEFA1DABFA8B008C1836 /* Swift AppUITests */ = {
			isa = PBXNativeTarget;
			buildConfigurationList = 8365DF0A1DABFA8B008C1836 /* Build configuration list for PBXNativeTarget "Swift AppUITests" */;
			buildPhases = (
				8365DEF71DABFA8B008C1836 /* Sources */,
				8365DEF81DABFA8B008C1836 /* Frameworks */,
				8365DEF91DABFA8B008C1836 /* Resources */,
			);
			buildRules = (
			);
			dependencies = (
				8365DEFD1DABFA8B008C1836 /* PBXTargetDependency */,
			);
			name = "Swift AppUITests";
			productName = "Swift AppUITests";
			productReference = 8365DEFB1DABFA8B008C1836 /* Swift AppUITests.xctest */;
			productType = "com.apple.product-type.bundle.ui-testing";
		};
/* End PBXNativeTarget section */

/* Begin PBXProject section */
		8365DED41DABFA8B008C1836 /* Project object */ = {
			isa = PBXProject;
			attributes = {
				LastSwiftUpdateCheck = 0800;
				LastUpgradeCheck = 0800;
				ORGANIZATIONNAME = "Dave Haas";
				TargetAttributes = {
					8365DEDB1DABFA8B008C1836 = {
						CreatedOnToolsVersion = 8.0;
						ProvisioningStyle = Automatic;
					};
					8365DEEF1DABFA8B008C1836 = {
						CreatedOnToolsVersion = 8.0;
						ProvisioningStyle = Automatic;
						TestTargetID = 8365DEDB1DABFA8B008C1836;
					};
					8365DEFA1DABFA8B008C1836 = {
						CreatedOnToolsVersion = 8.0;
						ProvisioningStyle = Automatic;
						TestTargetID = 8365DEDB1DABFA8B008C1836;
					};
				};
			};
			buildConfigurationList = 8365DED71DABFA8B008C1836 /* Build configuration list for PBXProject "Swift App" */;
			compatibilityVersion = "Xcode 3.2";
			developmentRegion = English;
			hasScannedForEncodings = 0;
			knownRegions = (
				en,
				Base,
			);
			mainGroup = 8365DED31DABFA8B008C1836;
			productRefGroup = 8365DEDD1DABFA8B008C1836 /* Products */;
			projectDirPath = "";
			projectRoot = "";
			targets = (
				8365DEDB1DABFA8B008C1836 /* Swift App */,
				8365DEEF1DABFA8B008C1836 /* Swift AppTests */,
				8365DEFA1DABFA8B008C1836 /* Swift AppUITests */,
			);
		};
/* End PBXProject section */

/* Begin PBXResourcesBuildPhase section */
		8365DEDA1DABFA8B008C1836 /* Resources */ = {
			isa = PBXResourcesBuildPhase;
			buildActionMask = 2147483647;
			files = (
				8365DEEA1DABFA8B008C1836 /* LaunchScreen.storyboard in Resources */,
				8365DEE71DABFA8B008C1836 /* Assets.xcassets in Resources */,
				8365DEE51DABFA8B008C1836 /* Main.storyboard in Resources */,
			);
			runOnlyForDeploymentPostprocessing = 0;
		};
		8365DEEE1DABFA8B008C1836 /* Resources */ = {
			isa = PBXResourcesBuildPhase;
			buildActionMask = 2147483647;
			files = (
			);
			runOnlyForDeploymentPostprocessing = 0;
		};
		8365DEF91DABFA8B008C1836 /* Resources */ = {
			isa = PBXResourcesBuildPhase;
			buildActionMask = 2147483647;
			files = (
			);
			runOnlyForDeploymentPostprocessing = 0;
		};
/* End PBXResourcesBuildPhase section */

/* Begin PBXSourcesBuildPhase section */
		8365DED81DABFA8B008C1836 /* Sources */ = {
			isa = PBXSourcesBuildPhase;
			buildActionMask = 2147483647;
			files = (
				8365DEE21DABFA8B008C1836 /* ViewController.swift in Sources */,
				8365DEE01DABFA8B008C1836 /* AppDelegate.swift in Sources */,
			);
			runOnlyForDeploymentPostprocessing = 0;
		};
		8365DEEC1DABFA8B008C1836 /* Sources */ = {
			isa = PBXSourcesBuildPhase;
			buildActionMask = 2147483647;
			files = (
				8365DEF51DABFA8B008C1836 /* Swift_AppTests.swift in Sources */,
			);
			runOnlyForDeploymentPostprocessing = 0;
		};
		8365DEF71DABFA8B008C1836 /* Sources */ = {
			isa = PBXSourcesBuildPhase;
			buildActionMask = 2147483647;
			files = (
				8365DF001DABFA8B008C1836 /* Swift_AppUITests.swift in Sources */,
			);
			runOnlyForDeploymentPostprocessing = 0;
		};
/* End PBXSourcesBuildPhase section */

/* Begin PBXTargetDependency section */
		8365DEF21DABFA8B008C1836 /* PBXTargetDependency */ = {
			isa = PBXTargetDependency;
			target = 8365DEDB1DABFA8B008C1836 /* Swift App */;
			targetProxy = 8365DEF11DABFA8B008C1836 /* PBXContainerItemProxy */;
		};
		8365DEFD1DABFA8B008C1836 /* PBXTargetDependency */ = {
			isa = PBXTargetDependency;
			target = 8365DEDB1DABFA8B008C1836 /* Swift App */;
			targetProxy = 8365DEFC1DABFA8B008C1836 /* PBXContainerItemProxy */;
		};
/* End PBXTargetDependency section */

/* Begin PBXVariantGroup section */
		8365DEE31DABFA8B008C1836 /* Main.storyboard */ = {
			isa = PBXVariantGroup;
			children = (
				8365DEE41DABFA8B008C1836 /* Base */,
			);
			name = Main.storyboard;
			sourceTree = "<group>";
		};
		8365DEE81DABFA8B008C1836 /* LaunchScreen.storyboard */ = {
			isa = PBXVariantGroup;
			children = (
				8365DEE91DABFA8B008C1836 /* Base */,
			);
			name = LaunchScreen.storyboard;
			sourceTree = "<group>";
		};
/* End PBXVariantGroup section */

/* Begin XCBuildConfiguration section */
		8365DF021DABFA8B008C1836 /* Debug */ = {
			isa = XCBuildConfiguration;
			buildSettings = {
				ALWAYS_SEARCH_USER_PATHS = NO;
				CLANG_ANALYZER_NONNULL = YES;
				CLANG_CXX_LANGUAGE_STANDARD = "gnu++0x";
				CLANG_CXX_LIBRARY = "libc++";
				CLANG_ENABLE_MODULES = YES;
				CLANG_ENABLE_OBJC_ARC = YES;
				CLANG_WARN_BOOL_CONVERSION = YES;
				CLANG_WARN_CONSTANT_CONVERSION = YES;
				CLANG_WARN_DIRECT_OBJC_ISA_USAGE = YES_ERROR;
				CLANG_WARN_DOCUMENTATION_COMMENTS = YES;
				CLANG_WARN_EMPTY_BODY = YES;
				CLANG_WARN_ENUM_CONVERSION = YES;
				CLANG_WARN_INFINITE_RECURSION = YES;
				CLANG_WARN_INT_CONVERSION = YES;
				CLANG_WARN_OBJC_ROOT_CLASS = YES_ERROR;
				CLANG_WARN_SUSPICIOUS_MOVES = YES;
				CLANG_WARN_UNREACHABLE_CODE = YES;
				CLANG_WARN__DUPLICATE_METHOD_MATCH = YES;
				"CODE_SIGN_IDENTITY[sdk=iphoneos*]" = "iPhone Developer";
				COPY_PHASE_STRIP = NO;
				DEBUG_INFORMATION_FORMAT = dwarf;
				ENABLE_STRICT_OBJC_MSGSEND = YES;
				ENABLE_TESTABILITY = YES;
				GCC_C_LANGUAGE_STANDARD = gnu99;
				GCC_DYNAMIC_NO_PIC = NO;
				GCC_NO_COMMON_BLOCKS = YES;
				GCC_OPTIMIZATION_LEVEL = 0;
				GCC_PREPROCESSOR_DEFINITIONS = (
					"DEBUG=1",
					"$(inherited)",
				);
				GCC_WARN_64_TO_32_BIT_CONVERSION = YES;
				GCC_WARN_ABOUT_RETURN_TYPE = YES_ERROR;
				GCC_WARN_UNDECLARED_SELECTOR = YES;
				GCC_WARN_UNINITIALIZED_AUTOS = YES_AGGRESSIVE;
				GCC_WARN_UNUSED_FUNCTION = YES;
				GCC_WARN_UNUSED_VARIABLE = YES;
				IPHONEOS_DEPLOYMENT_TARGET = 10.0;
				MTL_ENABLE_DEBUG_INFO = YES;
				ONLY_ACTIVE_ARCH = YES;
				SDKROOT = iphoneos;
				SWIFT_ACTIVE_COMPILATION_CONDITIONS = DEBUG;
				SWIFT_OPTIMIZATION_LEVEL = "-Onone";
				TARGETED_DEVICE_FAMILY = "1,2";
			};
			name = Debug;
		};
		8365DF031DABFA8B008C1836 /* Release */ = {
			isa = XCBuildConfiguration;
			buildSettings = {
				ALWAYS_SEARCH_USER_PATHS = NO;
				CLANG_ANALYZER_NONNULL = YES;
				CLANG_CXX_LANGUAGE_STANDARD = "gnu++0x";
				CLANG_CXX_LIBRARY = "libc++";
				CLANG_ENABLE_MODULES = YES;
				CLANG_ENABLE_OBJC_ARC = YES;
				CLANG_WARN_BOOL_CONVERSION = YES;
				CLANG_WARN_CONSTANT_CONVERSION = YES;
				CLANG_WARN_DIRECT_OBJC_ISA_USAGE = YES_ERROR;
				CLANG_WARN_DOCUMENTATION_COMMENTS = YES;
				CLANG_WARN_EMPTY_BODY = YES;
				CLANG_WARN_ENUM_CONVERSION = YES;
				CLANG_WARN_INFINITE_RECURSION = YES;
				CLANG_WARN_INT_CONVERSION = YES;
				CLANG_WARN_OBJC_ROOT_CLASS = YES_ERROR;
				CLANG_WARN_SUSPICIOUS_MOVES = YES;
				CLANG_WARN_UNREACHABLE_CODE = YES;
				CLANG_WARN__DUPLICATE_METHOD_MATCH = YES;
				"CODE_SIGN_IDENTITY[sdk=iphoneos*]" = "iPhone Developer";
				COPY_PHASE_STRIP = NO;
				DEBUG_INFORMATION_FORMAT = "dwarf-with-dsym";
				ENABLE_NS_ASSERTIONS = NO;
				ENABLE_STRICT_OBJC_MSGSEND = YES;
				GCC_C_LANGUAGE_STANDARD = gnu99;
				GCC_NO_COMMON_BLOCKS = YES;
				GCC_WARN_64_TO_32_BIT_CONVERSION = YES;
				GCC_WARN_ABOUT_RETURN_TYPE = YES_ERROR;
				GCC_WARN_UNDECLARED_SELECTOR = YES;
				GCC_WARN_UNINITIALIZED_AUTOS = YES_AGGRESSIVE;
				GCC_WARN_UNUSED_FUNCTION = YES;
				GCC_WARN_UNUSED_VARIABLE = YES;
				IPHONEOS_DEPLOYMENT_TARGET = 10.0;
				MTL_ENABLE_DEBUG_INFO = NO;
				SDKROOT = iphoneos;
				SWIFT_OPTIMIZATION_LEVEL = "-Owholemodule";
				TARGETED_DEVICE_FAMILY = "1,2";
				VALIDATE_PRODUCT = YES;
			};
			name = Release;
		};
		8365DF051DABFA8B008C1836 /* Debug */ = {
			isa = XCBuildConfiguration;
			buildSettings = {
				ASSETCATALOG_COMPILER_APPICON_NAME = AppIcon;
				INFOPLIST_FILE = "Swift App/Info.plist";
				LD_RUNPATH_SEARCH_PATHS = "$(inherited) @executable_path/Frameworks";
				PRODUCT_BUNDLE_IDENTIFIER = "com.godsized.net.Swift-App";
				PRODUCT_NAME = "$(TARGET_NAME)";
				SWIFT_VERSION = 3.0;
			};
			name = Debug;
		};
		8365DF061DABFA8B008C1836 /* Release */ = {
			isa = XCBuildConfiguration;
			buildSettings = {
				ASSETCATALOG_COMPILER_APPICON_NAME = AppIcon;
				INFOPLIST_FILE = "Swift App/Info.plist";
				LD_RUNPATH_SEARCH_PATHS = "$(inherited) @executable_path/Frameworks";
				PRODUCT_BUNDLE_IDENTIFIER = "com.godsized.net.Swift-App";
				PRODUCT_NAME = "$(TARGET_NAME)";
				SWIFT_VERSION = 3.0;
			};
			name = Release;
		};
		8365DF081DABFA8B008C1836 /* Debug */ = {
			isa = XCBuildConfiguration;
			buildSettings = {
				ALWAYS_EMBED_SWIFT_STANDARD_LIBRARIES = YES;
				BUNDLE_LOADER = "$(TEST_HOST)";
				INFOPLIST_FILE = "Swift AppTests/Info.plist";
				LD_RUNPATH_SEARCH_PATHS = "$(inherited) @executable_path/Frameworks @loader_path/Frameworks";
				PRODUCT_BUNDLE_IDENTIFIER = "com.godsized.net.Swift-AppTests";
				PRODUCT_NAME = "$(TARGET_NAME)";
				SWIFT_VERSION = 3.0;
				TEST_HOST = "$(BUILT_PRODUCTS_DIR)/Swift App.app/Swift App";
			};
			name = Debug;
		};
		8365DF091DABFA8B008C1836 /* Release */ = {
			isa = XCBuildConfiguration;
			buildSettings = {
				ALWAYS_EMBED_SWIFT_STANDARD_LIBRARIES = YES;
				BUNDLE_LOADER = "$(TEST_HOST)";
				INFOPLIST_FILE = "Swift AppTests/Info.plist";
				LD_RUNPATH_SEARCH_PATHS = "$(inherited) @executable_path/Frameworks @loader_path/Frameworks";
				PRODUCT_BUNDLE_IDENTIFIER = "com.godsized.net.Swift-AppTests";
				PRODUCT_NAME = "$(TARGET_NAME)";
				SWIFT_VERSION = 3.0;
				TEST_HOST = "$(BUILT_PRODUCTS_DIR)/Swift App.app/Swift App";
			};
			name = Release;
		};
		8365DF0B1DABFA8B008C1836 /* Debug */ = {
			isa = XCBuildConfiguration;
			buildSettings = {
				ALWAYS_EMBED_SWIFT_STANDARD_LIBRARIES = YES;
				INFOPLIST_FILE = "Swift AppUITests/Info.plist";
				LD_RUNPATH_SEARCH_PATHS = "$(inherited) @executable_path/Frameworks @loader_path/Frameworks";
				PRODUCT_BUNDLE_IDENTIFIER = "com.godsized.net.Swift-AppUITests";
				PRODUCT_NAME = "$(TARGET_NAME)";
				SWIFT_VERSION = 3.0;
				TEST_TARGET_NAME = "Swift App";
			};
			name = Debug;
		};
		8365DF0C1DABFA8B008C1836 /* Release */ = {
			isa = XCBuildConfiguration;
			buildSettings = {
				ALWAYS_EMBED_SWIFT_STANDARD_LIBRARIES = YES;
				INFOPLIST_FILE = "Swift AppUITests/Info.plist";
				LD_RUNPATH_SEARCH_PATHS = "$(inherited) @executable_path/Frameworks @loader_path/Frameworks";
				PRODUCT_BUNDLE_IDENTIFIER = "com.godsized.net.Swift-AppUITests";
				PRODUCT_NAME = "$(TARGET_NAME)";
				SWIFT_VERSION = 3.0;
				TEST_TARGET_NAME = "Swift App";
			};
			name = Release;
		};
/* End XCBuildConfiguration section */

/* Begin XCConfigurationList section */
		8365DED71DABFA8B008C1836 /* Build configuration list for PBXProject "Swift App" */ = {
			isa = XCConfigurationList;
			buildConfigurations = (
				8365DF021DABFA8B008C1836 /* Debug */,
				8365DF031DABFA8B008C1836 /* Release */,
			);
			defaultConfigurationIsVisible = 0;
			defaultConfigurationName = Release;
		};
		8365DF041DABFA8B008C1836 /* Build configuration list for PBXNativeTarget "Swift App" */ = {
			isa = XCConfigurationList;
			buildConfigurations = (
				8365DF051DABFA8B008C1836 /* Debug */,
				8365DF061DABFA8B008C1836 /* Release */,
			);
			defaultConfigurationIsVisible = 0;
		};
		8365DF071DABFA8B008C1836 /* Build configuration list for PBXNativeTarget "Swift AppTests" */ = {
			isa = XCConfigurationList;
			buildConfigurations = (
				8365DF081DABFA8B008C1836 /* Debug */,
				8365DF091DABFA8B008C1836 /* Release */,
			);
			defaultConfigurationIsVisible = 0;
		};
		8365DF0A1DABFA8B008C1836 /* Build configuration list for PBXNativeTarget "Swift AppUITests" */ = {
			isa = XCConfigurationList;
			buildConfigurations = (
				8365DF0B1DABFA8B008C1836 /* Debug */,
				8365DF0C1DABFA8B008C1836 /* Release */,
			);
			defaultConfigurationIsVisible = 0;
		};
/* End XCConfigurationList section */
	};
	rootObject = 8365DED41DABFA8B008C1836 /* Project object */;
}
